// !$*UTF8*$!
{
	archiveVersion = 1;
	classes = {
	};
	objectVersion = 51;
	objects = {

/* Begin PBXBuildFile section */
		39AE1C5D3DD2410008AABA08 /* Pods_BandungTimes.framework in Frameworks */ = {isa = PBXBuildFile; fileRef = 31E38B9D734CE88544A43534 /* Pods_BandungTimes.framework */; };
		6EB7E6801C95A1AEDD367716 /* Pods_BandungTimesTests.framework in Frameworks */ = {isa = PBXBuildFile; fileRef = FE863884E1893CFF654E5255 /* Pods_BandungTimesTests.framework */; };
		AB856EE126D7C8B3005875A8 /* PostListViewController.swift in Sources */ = {isa = PBXBuildFile; fileRef = AB856EE026D7C8B3005875A8 /* PostListViewController.swift */; };
		AB856EE326D7C8DF005875A8 /* Post.storyboard in Resources */ = {isa = PBXBuildFile; fileRef = AB856EE226D7C8DF005875A8 /* Post.storyboard */; };
		AB856EE826D7CA35005875A8 /* PostListViewCell.swift in Sources */ = {isa = PBXBuildFile; fileRef = AB856EE626D7CA35005875A8 /* PostListViewCell.swift */; };
		AB856EE926D7CA35005875A8 /* PostListViewCell.xib in Resources */ = {isa = PBXBuildFile; fileRef = AB856EE726D7CA35005875A8 /* PostListViewCell.xib */; };
		AB856EEC26D7CA70005875A8 /* Post.swift in Sources */ = {isa = PBXBuildFile; fileRef = AB856EEB26D7CA70005875A8 /* Post.swift */; };
		AB856EEE26D7CAF0005875A8 /* PostListViewModel.swift in Sources */ = {isa = PBXBuildFile; fileRef = AB856EED26D7CAF0005875A8 /* PostListViewModel.swift */; };
		AB856EF026D7CFB8005875A8 /* ViewCell+Extensions.swift in Sources */ = {isa = PBXBuildFile; fileRef = AB856EEF26D7CFB8005875A8 /* ViewCell+Extensions.swift */; };
		AB856EF326D7D2CE005875A8 /* Storyboard.swift in Sources */ = {isa = PBXBuildFile; fileRef = AB856EF226D7D2CE005875A8 /* Storyboard.swift */; };
		AB856EF526D80B31005875A8 /* NetworkManager.swift in Sources */ = {isa = PBXBuildFile; fileRef = AB856EF426D80B31005875A8 /* NetworkManager.swift */; };
		AB856EF726D80C03005875A8 /* Constant.swift in Sources */ = {isa = PBXBuildFile; fileRef = AB856EF626D80C02005875A8 /* Constant.swift */; };
		AB856EFC26D80EDB005875A8 /* PostApi.swift in Sources */ = {isa = PBXBuildFile; fileRef = AB856EFB26D80EDB005875A8 /* PostApi.swift */; };
		AB856EFE26D81B11005875A8 /* UserApi.swift in Sources */ = {isa = PBXBuildFile; fileRef = AB856EFD26D81B11005875A8 /* UserApi.swift */; };
		AB856F0226D81B4A005875A8 /* PostDetailViewController.swift in Sources */ = {isa = PBXBuildFile; fileRef = AB856F0126D81B4A005875A8 /* PostDetailViewController.swift */; };
		AB856F0526D81BBB005875A8 /* PostDetailViewModel.swift in Sources */ = {isa = PBXBuildFile; fileRef = AB856F0426D81BBB005875A8 /* PostDetailViewModel.swift */; };
		AB856F0926D81D05005875A8 /* User.swift in Sources */ = {isa = PBXBuildFile; fileRef = AB856F0826D81D05005875A8 /* User.swift */; };
		AB856F0B26D81D1A005875A8 /* UserAddress.swift in Sources */ = {isa = PBXBuildFile; fileRef = AB856F0A26D81D1A005875A8 /* UserAddress.swift */; };
		AB856F0D26D81D48005875A8 /* UserCompany.swift in Sources */ = {isa = PBXBuildFile; fileRef = AB856F0C26D81D48005875A8 /* UserCompany.swift */; };
		AB856F0F26D81D67005875A8 /* UserGeo.swift in Sources */ = {isa = PBXBuildFile; fileRef = AB856F0E26D81D67005875A8 /* UserGeo.swift */; };
		AB856F1126D9160D005875A8 /* UserViewModel.swift in Sources */ = {isa = PBXBuildFile; fileRef = AB856F1026D9160D005875A8 /* UserViewModel.swift */; };
		AB856F1726DA2E8D005875A8 /* CommentViewCell.swift in Sources */ = {isa = PBXBuildFile; fileRef = AB856F1526DA2E8D005875A8 /* CommentViewCell.swift */; };
		AB856F1826DA2E8D005875A8 /* CommentViewCell.xib in Resources */ = {isa = PBXBuildFile; fileRef = AB856F1626DA2E8D005875A8 /* CommentViewCell.xib */; };
		AB856F1B26DA7FCF005875A8 /* Comment.swift in Sources */ = {isa = PBXBuildFile; fileRef = AB856F1A26DA7FCF005875A8 /* Comment.swift */; };
		AB856F2026DA8C6F005875A8 /* PostDetailViewCell.swift in Sources */ = {isa = PBXBuildFile; fileRef = AB856F1E26DA8C6F005875A8 /* PostDetailViewCell.swift */; };
		AB856F2126DA8C6F005875A8 /* PostDetailViewCell.xib in Resources */ = {isa = PBXBuildFile; fileRef = AB856F1F26DA8C6F005875A8 /* PostDetailViewCell.xib */; };
		AB856F2426DA8F1C005875A8 /* PostDetailHeader.swift in Sources */ = {isa = PBXBuildFile; fileRef = AB856F2326DA8F1C005875A8 /* PostDetailHeader.swift */; };
		AB856F2626DA8F28005875A8 /* PostDetailHeader.xib in Resources */ = {isa = PBXBuildFile; fileRef = AB856F2526DA8F28005875A8 /* PostDetailHeader.xib */; };
		AB856F2926DAA46E005875A8 /* CustomNavbar.swift in Sources */ = {isa = PBXBuildFile; fileRef = AB856F2826DAA46E005875A8 /* CustomNavbar.swift */; };
		ABE3F99D26D74F5E0041940D /* AppDelegate.swift in Sources */ = {isa = PBXBuildFile; fileRef = ABE3F99C26D74F5E0041940D /* AppDelegate.swift */; };
		ABE3F9A126D74F5E0041940D /* ViewController.swift in Sources */ = {isa = PBXBuildFile; fileRef = ABE3F9A026D74F5E0041940D /* ViewController.swift */; };
		ABE3F9A426D74F5E0041940D /* Main.storyboard in Resources */ = {isa = PBXBuildFile; fileRef = ABE3F9A226D74F5E0041940D /* Main.storyboard */; };
		ABE3F9A626D74F620041940D /* Assets.xcassets in Resources */ = {isa = PBXBuildFile; fileRef = ABE3F9A526D74F620041940D /* Assets.xcassets */; };
		ABE3F9A926D74F620041940D /* LaunchScreen.storyboard in Resources */ = {isa = PBXBuildFile; fileRef = ABE3F9A726D74F620041940D /* LaunchScreen.storyboard */; };
		ABE3F9B426D74F630041940D /* BandungTimesTests.swift in Sources */ = {isa = PBXBuildFile; fileRef = ABE3F9B326D74F630041940D /* BandungTimesTests.swift */; };
		ABE3F9BF26D74F630041940D /* BandungTimesUITests.swift in Sources */ = {isa = PBXBuildFile; fileRef = ABE3F9BE26D74F630041940D /* BandungTimesUITests.swift */; };
		ABE3F9D326D760670041940D /* UIViewController+Extensions.swift in Sources */ = {isa = PBXBuildFile; fileRef = ABE3F9D226D760670041940D /* UIViewController+Extensions.swift */; };
		ABE3F9D626D7BB2F0041940D /* SplashcreenViewController.swift in Sources */ = {isa = PBXBuildFile; fileRef = ABE3F9D526D7BB2F0041940D /* SplashcreenViewController.swift */; };
		ABE3F9D826D7BCDE0041940D /* Bundle+Extensions.swift in Sources */ = {isa = PBXBuildFile; fileRef = ABE3F9D726D7BCDE0041940D /* Bundle+Extensions.swift */; };
		D6EE574420EC5C6FFA98DCE6 /* Pods_BandungTimes_BandungTimesUITests.framework in Frameworks */ = {isa = PBXBuildFile; fileRef = 6B99EF1C4E8F33274A62AD30 /* Pods_BandungTimes_BandungTimesUITests.framework */; };
/* End PBXBuildFile section */

/* Begin PBXContainerItemProxy section */
		ABE3F9B026D74F630041940D /* PBXContainerItemProxy */ = {
			isa = PBXContainerItemProxy;
			containerPortal = ABE3F99126D74F5E0041940D /* Project object */;
			proxyType = 1;
			remoteGlobalIDString = ABE3F99826D74F5E0041940D;
			remoteInfo = BandungTimes;
		};
		ABE3F9BB26D74F630041940D /* PBXContainerItemProxy */ = {
			isa = PBXContainerItemProxy;
			containerPortal = ABE3F99126D74F5E0041940D /* Project object */;
			proxyType = 1;
			remoteGlobalIDString = ABE3F99826D74F5E0041940D;
			remoteInfo = BandungTimes;
		};
/* End PBXContainerItemProxy section */

/* Begin PBXFileReference section */
		1DC89EE93CB3334730819E7C /* Pods-BandungTimes-BandungTimesUITests.release.xcconfig */ = {isa = PBXFileReference; includeInIndex = 1; lastKnownFileType = text.xcconfig; name = "Pods-BandungTimes-BandungTimesUITests.release.xcconfig"; path = "Target Support Files/Pods-BandungTimes-BandungTimesUITests/Pods-BandungTimes-BandungTimesUITests.release.xcconfig"; sourceTree = "<group>"; };
		31E38B9D734CE88544A43534 /* Pods_BandungTimes.framework */ = {isa = PBXFileReference; explicitFileType = wrapper.framework; includeInIndex = 0; path = Pods_BandungTimes.framework; sourceTree = BUILT_PRODUCTS_DIR; };
		4220A1095C492733A157A8BD /* Pods-BandungTimesTests.release.xcconfig */ = {isa = PBXFileReference; includeInIndex = 1; lastKnownFileType = text.xcconfig; name = "Pods-BandungTimesTests.release.xcconfig"; path = "Target Support Files/Pods-BandungTimesTests/Pods-BandungTimesTests.release.xcconfig"; sourceTree = "<group>"; };
		6B99EF1C4E8F33274A62AD30 /* Pods_BandungTimes_BandungTimesUITests.framework */ = {isa = PBXFileReference; explicitFileType = wrapper.framework; includeInIndex = 0; path = Pods_BandungTimes_BandungTimesUITests.framework; sourceTree = BUILT_PRODUCTS_DIR; };
		9780772F064BA3162ED526AF /* Pods-BandungTimes.release.xcconfig */ = {isa = PBXFileReference; includeInIndex = 1; lastKnownFileType = text.xcconfig; name = "Pods-BandungTimes.release.xcconfig"; path = "Target Support Files/Pods-BandungTimes/Pods-BandungTimes.release.xcconfig"; sourceTree = "<group>"; };
		AB856EE026D7C8B3005875A8 /* PostListViewController.swift */ = {isa = PBXFileReference; lastKnownFileType = sourcecode.swift; path = PostListViewController.swift; sourceTree = "<group>"; };
		AB856EE226D7C8DF005875A8 /* Post.storyboard */ = {isa = PBXFileReference; lastKnownFileType = file.storyboard; path = Post.storyboard; sourceTree = "<group>"; };
		AB856EE626D7CA35005875A8 /* PostListViewCell.swift */ = {isa = PBXFileReference; lastKnownFileType = sourcecode.swift; path = PostListViewCell.swift; sourceTree = "<group>"; };
		AB856EE726D7CA35005875A8 /* PostListViewCell.xib */ = {isa = PBXFileReference; lastKnownFileType = file.xib; path = PostListViewCell.xib; sourceTree = "<group>"; };
		AB856EEB26D7CA70005875A8 /* Post.swift */ = {isa = PBXFileReference; lastKnownFileType = sourcecode.swift; path = Post.swift; sourceTree = "<group>"; };
		AB856EED26D7CAF0005875A8 /* PostListViewModel.swift */ = {isa = PBXFileReference; lastKnownFileType = sourcecode.swift; path = PostListViewModel.swift; sourceTree = "<group>"; };
		AB856EEF26D7CFB8005875A8 /* ViewCell+Extensions.swift */ = {isa = PBXFileReference; lastKnownFileType = sourcecode.swift; path = "ViewCell+Extensions.swift"; sourceTree = "<group>"; };
		AB856EF226D7D2CE005875A8 /* Storyboard.swift */ = {isa = PBXFileReference; lastKnownFileType = sourcecode.swift; path = Storyboard.swift; sourceTree = "<group>"; };
		AB856EF426D80B31005875A8 /* NetworkManager.swift */ = {isa = PBXFileReference; lastKnownFileType = sourcecode.swift; path = NetworkManager.swift; sourceTree = "<group>"; };
		AB856EF626D80C02005875A8 /* Constant.swift */ = {isa = PBXFileReference; lastKnownFileType = sourcecode.swift; path = Constant.swift; sourceTree = "<group>"; };
		AB856EFB26D80EDB005875A8 /* PostApi.swift */ = {isa = PBXFileReference; lastKnownFileType = sourcecode.swift; path = PostApi.swift; sourceTree = "<group>"; };
		AB856EFD26D81B11005875A8 /* UserApi.swift */ = {isa = PBXFileReference; lastKnownFileType = sourcecode.swift; path = UserApi.swift; sourceTree = "<group>"; };
		AB856F0126D81B4A005875A8 /* PostDetailViewController.swift */ = {isa = PBXFileReference; lastKnownFileType = sourcecode.swift; path = PostDetailViewController.swift; sourceTree = "<group>"; };
		AB856F0426D81BBB005875A8 /* PostDetailViewModel.swift */ = {isa = PBXFileReference; lastKnownFileType = sourcecode.swift; path = PostDetailViewModel.swift; sourceTree = "<group>"; };
		AB856F0826D81D05005875A8 /* User.swift */ = {isa = PBXFileReference; lastKnownFileType = sourcecode.swift; path = User.swift; sourceTree = "<group>"; };
		AB856F0A26D81D1A005875A8 /* UserAddress.swift */ = {isa = PBXFileReference; lastKnownFileType = sourcecode.swift; path = UserAddress.swift; sourceTree = "<group>"; };
		AB856F0C26D81D48005875A8 /* UserCompany.swift */ = {isa = PBXFileReference; lastKnownFileType = sourcecode.swift; path = UserCompany.swift; sourceTree = "<group>"; };
		AB856F0E26D81D67005875A8 /* UserGeo.swift */ = {isa = PBXFileReference; lastKnownFileType = sourcecode.swift; path = UserGeo.swift; sourceTree = "<group>"; };
		AB856F1026D9160D005875A8 /* UserViewModel.swift */ = {isa = PBXFileReference; lastKnownFileType = sourcecode.swift; path = UserViewModel.swift; sourceTree = "<group>"; };
		AB856F1526DA2E8D005875A8 /* CommentViewCell.swift */ = {isa = PBXFileReference; lastKnownFileType = sourcecode.swift; path = CommentViewCell.swift; sourceTree = "<group>"; };
		AB856F1626DA2E8D005875A8 /* CommentViewCell.xib */ = {isa = PBXFileReference; lastKnownFileType = file.xib; path = CommentViewCell.xib; sourceTree = "<group>"; };
		AB856F1A26DA7FCF005875A8 /* Comment.swift */ = {isa = PBXFileReference; lastKnownFileType = sourcecode.swift; path = Comment.swift; sourceTree = "<group>"; };
		AB856F1E26DA8C6F005875A8 /* PostDetailViewCell.swift */ = {isa = PBXFileReference; lastKnownFileType = sourcecode.swift; path = PostDetailViewCell.swift; sourceTree = "<group>"; };
		AB856F1F26DA8C6F005875A8 /* PostDetailViewCell.xib */ = {isa = PBXFileReference; lastKnownFileType = file.xib; path = PostDetailViewCell.xib; sourceTree = "<group>"; };
		AB856F2326DA8F1C005875A8 /* PostDetailHeader.swift */ = {isa = PBXFileReference; lastKnownFileType = sourcecode.swift; path = PostDetailHeader.swift; sourceTree = "<group>"; };
		AB856F2526DA8F28005875A8 /* PostDetailHeader.xib */ = {isa = PBXFileReference; lastKnownFileType = file.xib; path = PostDetailHeader.xib; sourceTree = "<group>"; };
		AB856F2826DAA46E005875A8 /* CustomNavbar.swift */ = {isa = PBXFileReference; lastKnownFileType = sourcecode.swift; path = CustomNavbar.swift; sourceTree = "<group>"; };
		ABE3F99926D74F5E0041940D /* BandungTimes.app */ = {isa = PBXFileReference; explicitFileType = wrapper.application; includeInIndex = 0; path = BandungTimes.app; sourceTree = BUILT_PRODUCTS_DIR; };
		ABE3F99C26D74F5E0041940D /* AppDelegate.swift */ = {isa = PBXFileReference; lastKnownFileType = sourcecode.swift; path = AppDelegate.swift; sourceTree = "<group>"; };
		ABE3F9A026D74F5E0041940D /* ViewController.swift */ = {isa = PBXFileReference; lastKnownFileType = sourcecode.swift; path = ViewController.swift; sourceTree = "<group>"; };
		ABE3F9A326D74F5E0041940D /* Base */ = {isa = PBXFileReference; lastKnownFileType = file.storyboard; name = Base; path = Base.lproj/Main.storyboard; sourceTree = "<group>"; };
		ABE3F9A526D74F620041940D /* Assets.xcassets */ = {isa = PBXFileReference; lastKnownFileType = folder.assetcatalog; path = Assets.xcassets; sourceTree = "<group>"; };
		ABE3F9A826D74F620041940D /* Base */ = {isa = PBXFileReference; lastKnownFileType = file.storyboard; name = Base; path = Base.lproj/LaunchScreen.storyboard; sourceTree = "<group>"; };
		ABE3F9AA26D74F620041940D /* Info.plist */ = {isa = PBXFileReference; lastKnownFileType = text.plist.xml; path = Info.plist; sourceTree = "<group>"; };
		ABE3F9AF26D74F630041940D /* BandungTimesTests.xctest */ = {isa = PBXFileReference; explicitFileType = wrapper.cfbundle; includeInIndex = 0; path = BandungTimesTests.xctest; sourceTree = BUILT_PRODUCTS_DIR; };
		ABE3F9B326D74F630041940D /* BandungTimesTests.swift */ = {isa = PBXFileReference; lastKnownFileType = sourcecode.swift; path = BandungTimesTests.swift; sourceTree = "<group>"; };
		ABE3F9B526D74F630041940D /* Info.plist */ = {isa = PBXFileReference; lastKnownFileType = text.plist.xml; path = Info.plist; sourceTree = "<group>"; };
		ABE3F9BA26D74F630041940D /* BandungTimesUITests.xctest */ = {isa = PBXFileReference; explicitFileType = wrapper.cfbundle; includeInIndex = 0; path = BandungTimesUITests.xctest; sourceTree = BUILT_PRODUCTS_DIR; };
		ABE3F9BE26D74F630041940D /* BandungTimesUITests.swift */ = {isa = PBXFileReference; lastKnownFileType = sourcecode.swift; path = BandungTimesUITests.swift; sourceTree = "<group>"; };
		ABE3F9C026D74F630041940D /* Info.plist */ = {isa = PBXFileReference; lastKnownFileType = text.plist.xml; path = Info.plist; sourceTree = "<group>"; };
		ABE3F9D226D760670041940D /* UIViewController+Extensions.swift */ = {isa = PBXFileReference; lastKnownFileType = sourcecode.swift; path = "UIViewController+Extensions.swift"; sourceTree = "<group>"; };
		ABE3F9D526D7BB2F0041940D /* SplashcreenViewController.swift */ = {isa = PBXFileReference; lastKnownFileType = sourcecode.swift; path = SplashcreenViewController.swift; sourceTree = "<group>"; };
		ABE3F9D726D7BCDE0041940D /* Bundle+Extensions.swift */ = {isa = PBXFileReference; lastKnownFileType = sourcecode.swift; path = "Bundle+Extensions.swift"; sourceTree = "<group>"; };
		C395B6D896C199634CB3FF64 /* Pods-BandungTimes-BandungTimesUITests.debug.xcconfig */ = {isa = PBXFileReference; includeInIndex = 1; lastKnownFileType = text.xcconfig; name = "Pods-BandungTimes-BandungTimesUITests.debug.xcconfig"; path = "Target Support Files/Pods-BandungTimes-BandungTimesUITests/Pods-BandungTimes-BandungTimesUITests.debug.xcconfig"; sourceTree = "<group>"; };
		C41A2F0813FA86C2852A78A6 /* Pods-BandungTimes.debug.xcconfig */ = {isa = PBXFileReference; includeInIndex = 1; lastKnownFileType = text.xcconfig; name = "Pods-BandungTimes.debug.xcconfig"; path = "Target Support Files/Pods-BandungTimes/Pods-BandungTimes.debug.xcconfig"; sourceTree = "<group>"; };
		F414CBD0B36EDE731DFFE1FA /* Pods-BandungTimesTests.debug.xcconfig */ = {isa = PBXFileReference; includeInIndex = 1; lastKnownFileType = text.xcconfig; name = "Pods-BandungTimesTests.debug.xcconfig"; path = "Target Support Files/Pods-BandungTimesTests/Pods-BandungTimesTests.debug.xcconfig"; sourceTree = "<group>"; };
		FE863884E1893CFF654E5255 /* Pods_BandungTimesTests.framework */ = {isa = PBXFileReference; explicitFileType = wrapper.framework; includeInIndex = 0; path = Pods_BandungTimesTests.framework; sourceTree = BUILT_PRODUCTS_DIR; };
/* End PBXFileReference section */

/* Begin PBXFrameworksBuildPhase section */
		ABE3F99626D74F5E0041940D /* Frameworks */ = {
			isa = PBXFrameworksBuildPhase;
			buildActionMask = 2147483647;
			files = (
				39AE1C5D3DD2410008AABA08 /* Pods_BandungTimes.framework in Frameworks */,
			);
			runOnlyForDeploymentPostprocessing = 0;
		};
		ABE3F9AC26D74F630041940D /* Frameworks */ = {
			isa = PBXFrameworksBuildPhase;
			buildActionMask = 2147483647;
			files = (
				6EB7E6801C95A1AEDD367716 /* Pods_BandungTimesTests.framework in Frameworks */,
			);
			runOnlyForDeploymentPostprocessing = 0;
		};
		ABE3F9B726D74F630041940D /* Frameworks */ = {
			isa = PBXFrameworksBuildPhase;
			buildActionMask = 2147483647;
			files = (
				D6EE574420EC5C6FFA98DCE6 /* Pods_BandungTimes_BandungTimesUITests.framework in Frameworks */,
			);
			runOnlyForDeploymentPostprocessing = 0;
		};
/* End PBXFrameworksBuildPhase section */

/* Begin PBXGroup section */
		1C49E4C4C18ECC266742F285 /* Pods */ = {
			isa = PBXGroup;
			children = (
				C41A2F0813FA86C2852A78A6 /* Pods-BandungTimes.debug.xcconfig */,
				9780772F064BA3162ED526AF /* Pods-BandungTimes.release.xcconfig */,
				C395B6D896C199634CB3FF64 /* Pods-BandungTimes-BandungTimesUITests.debug.xcconfig */,
				1DC89EE93CB3334730819E7C /* Pods-BandungTimes-BandungTimesUITests.release.xcconfig */,
				F414CBD0B36EDE731DFFE1FA /* Pods-BandungTimesTests.debug.xcconfig */,
				4220A1095C492733A157A8BD /* Pods-BandungTimesTests.release.xcconfig */,
			);
			path = Pods;
			sourceTree = "<group>";
		};
		AA2E011D20798E5D2908AF86 /* Frameworks */ = {
			isa = PBXGroup;
			children = (
				31E38B9D734CE88544A43534 /* Pods_BandungTimes.framework */,
				6B99EF1C4E8F33274A62AD30 /* Pods_BandungTimes_BandungTimesUITests.framework */,
				FE863884E1893CFF654E5255 /* Pods_BandungTimesTests.framework */,
			);
			name = Frameworks;
			sourceTree = "<group>";
		};
		AB856EDF26D7C894005875A8 /* Post */ = {
			isa = PBXGroup;
			children = (
				AB856EFA26D80ECE005875A8 /* api */,
				AB856EE426D7C912005875A8 /* list */,
				AB856F0326D81B52005875A8 /* detail */,
			);
			path = Post;
			sourceTree = "<group>";
		};
		AB856EE426D7C912005875A8 /* list */ = {
			isa = PBXGroup;
			children = (
				AB856EEA26D7CA50005875A8 /* model */,
				AB856EE526D7CA16005875A8 /* cell */,
				AB856EE026D7C8B3005875A8 /* PostListViewController.swift */,
				AB856EED26D7CAF0005875A8 /* PostListViewModel.swift */,
			);
			path = list;
			sourceTree = "<group>";
		};
		AB856EE526D7CA16005875A8 /* cell */ = {
			isa = PBXGroup;
			children = (
				AB856EE626D7CA35005875A8 /* PostListViewCell.swift */,
				AB856EE726D7CA35005875A8 /* PostListViewCell.xib */,
			);
			path = cell;
			sourceTree = "<group>";
		};
		AB856EEA26D7CA50005875A8 /* model */ = {
			isa = PBXGroup;
			children = (
				AB856EEB26D7CA70005875A8 /* Post.swift */,
			);
			path = model;
			sourceTree = "<group>";
		};
		AB856EF126D7D2AD005875A8 /* Helper */ = {
			isa = PBXGroup;
			children = (
				AB856F2726DAA446005875A8 /* Navbar */,
				AB856EF226D7D2CE005875A8 /* Storyboard.swift */,
				AB856EF626D80C02005875A8 /* Constant.swift */,
			);
			path = Helper;
			sourceTree = "<group>";
		};
		AB856EFA26D80ECE005875A8 /* api */ = {
			isa = PBXGroup;
			children = (
				AB856EFB26D80EDB005875A8 /* PostApi.swift */,
			);
			path = api;
			sourceTree = "<group>";
		};
		AB856EFF26D81B17005875A8 /* api */ = {
			isa = PBXGroup;
			children = (
				AB856EFD26D81B11005875A8 /* UserApi.swift */,
			);
			path = api;
			sourceTree = "<group>";
		};
		AB856F0026D81B2D005875A8 /* User */ = {
			isa = PBXGroup;
			children = (
				AB856EFF26D81B17005875A8 /* api */,
				AB856F0626D81CDE005875A8 /* model */,
				AB856F0726D81CEA005875A8 /* detail */,
				AB856F1026D9160D005875A8 /* UserViewModel.swift */,
			);
			path = User;
			sourceTree = "<group>";
		};
		AB856F0326D81B52005875A8 /* detail */ = {
			isa = PBXGroup;
			children = (
				AB856F1926DA7FC1005875A8 /* comment */,
				AB856F1226DA2E46005875A8 /* cell */,
				AB856F0126D81B4A005875A8 /* PostDetailViewController.swift */,
				AB856F0426D81BBB005875A8 /* PostDetailViewModel.swift */,
			);
			path = detail;
			sourceTree = "<group>";
		};
		AB856F0626D81CDE005875A8 /* model */ = {
			isa = PBXGroup;
			children = (
				AB856F0826D81D05005875A8 /* User.swift */,
				AB856F0A26D81D1A005875A8 /* UserAddress.swift */,
				AB856F0C26D81D48005875A8 /* UserCompany.swift */,
				AB856F0E26D81D67005875A8 /* UserGeo.swift */,
			);
			path = model;
			sourceTree = "<group>";
		};
		AB856F0726D81CEA005875A8 /* detail */ = {
			isa = PBXGroup;
			children = (
			);
			path = detail;
			sourceTree = "<group>";
		};
		AB856F1226DA2E46005875A8 /* cell */ = {
			isa = PBXGroup;
			children = (
				AB856F2226DA8F04005875A8 /* header */,
				AB856F1D26DA8C55005875A8 /* detail */,
				AB856F1C26DA8C4B005875A8 /* comment */,
			);
			path = cell;
			sourceTree = "<group>";
		};
		AB856F1926DA7FC1005875A8 /* comment */ = {
			isa = PBXGroup;
			children = (
				AB856F1A26DA7FCF005875A8 /* Comment.swift */,
			);
			path = comment;
			sourceTree = "<group>";
		};
		AB856F1C26DA8C4B005875A8 /* comment */ = {
			isa = PBXGroup;
			children = (
				AB856F1526DA2E8D005875A8 /* CommentViewCell.swift */,
				AB856F1626DA2E8D005875A8 /* CommentViewCell.xib */,
			);
			path = comment;
			sourceTree = "<group>";
		};
		AB856F1D26DA8C55005875A8 /* detail */ = {
			isa = PBXGroup;
			children = (
				AB856F1E26DA8C6F005875A8 /* PostDetailViewCell.swift */,
				AB856F1F26DA8C6F005875A8 /* PostDetailViewCell.xib */,
			);
			path = detail;
			sourceTree = "<group>";
		};
		AB856F2226DA8F04005875A8 /* header */ = {
			isa = PBXGroup;
			children = (
				AB856F2326DA8F1C005875A8 /* PostDetailHeader.swift */,
				AB856F2526DA8F28005875A8 /* PostDetailHeader.xib */,
			);
			path = header;
			sourceTree = "<group>";
		};
		AB856F2726DAA446005875A8 /* Navbar */ = {
			isa = PBXGroup;
			children = (
				AB856F2826DAA46E005875A8 /* CustomNavbar.swift */,
			);
			path = Navbar;
			sourceTree = "<group>";
		};
		ABE3F99026D74F5E0041940D = {
			isa = PBXGroup;
			children = (
				ABE3F99B26D74F5E0041940D /* BandungTimes */,
				ABE3F9B226D74F630041940D /* BandungTimesTests */,
				ABE3F9BD26D74F630041940D /* BandungTimesUITests */,
				ABE3F99A26D74F5E0041940D /* Products */,
				1C49E4C4C18ECC266742F285 /* Pods */,
				AA2E011D20798E5D2908AF86 /* Frameworks */,
			);
			sourceTree = "<group>";
		};
		ABE3F99A26D74F5E0041940D /* Products */ = {
			isa = PBXGroup;
			children = (
				ABE3F99926D74F5E0041940D /* BandungTimes.app */,
				ABE3F9AF26D74F630041940D /* BandungTimesTests.xctest */,
				ABE3F9BA26D74F630041940D /* BandungTimesUITests.xctest */,
			);
			name = Products;
			sourceTree = "<group>";
		};
		ABE3F99B26D74F5E0041940D /* BandungTimes */ = {
			isa = PBXGroup;
			children = (
				ABE3F9D026D7600E0041940D /* Services */,
				AB856EF126D7D2AD005875A8 /* Helper */,
				ABE3F9D126D7602B0041940D /* Extensions */,
				ABE3F9CF26D760080041940D /* Module */,
				ABE3F9D926D7C4580041940D /* Storyboard */,
				ABE3F9CC26D75FD50041940D /* Supporting Files */,
			);
			path = BandungTimes;
			sourceTree = "<group>";
		};
		ABE3F9B226D74F630041940D /* BandungTimesTests */ = {
			isa = PBXGroup;
			children = (
				ABE3F9B326D74F630041940D /* BandungTimesTests.swift */,
				ABE3F9B526D74F630041940D /* Info.plist */,
			);
			path = BandungTimesTests;
			sourceTree = "<group>";
		};
		ABE3F9BD26D74F630041940D /* BandungTimesUITests */ = {
			isa = PBXGroup;
			children = (
				ABE3F9BE26D74F630041940D /* BandungTimesUITests.swift */,
				ABE3F9C026D74F630041940D /* Info.plist */,
			);
			path = BandungTimesUITests;
			sourceTree = "<group>";
		};
		ABE3F9CC26D75FD50041940D /* Supporting Files */ = {
			isa = PBXGroup;
			children = (
				ABE3F9CE26D75FF40041940D /* AppDelegate */,
				ABE3F9CD26D75FE20041940D /* Assets */,
				ABE3F9AA26D74F620041940D /* Info.plist */,
				ABE3F9A026D74F5E0041940D /* ViewController.swift */,
				ABE3F9A726D74F620041940D /* LaunchScreen.storyboard */,
			);
			path = "Supporting Files";
			sourceTree = "<group>";
		};
		ABE3F9CD26D75FE20041940D /* Assets */ = {
			isa = PBXGroup;
			children = (
				ABE3F9A526D74F620041940D /* Assets.xcassets */,
			);
			path = Assets;
			sourceTree = "<group>";
		};
		ABE3F9CE26D75FF40041940D /* AppDelegate */ = {
			isa = PBXGroup;
			children = (
				ABE3F99C26D74F5E0041940D /* AppDelegate.swift */,
			);
			path = AppDelegate;
			sourceTree = "<group>";
		};
		ABE3F9CF26D760080041940D /* Module */ = {
			isa = PBXGroup;
			children = (
				AB856F0026D81B2D005875A8 /* User */,
				AB856EDF26D7C894005875A8 /* Post */,
				ABE3F9D426D7BB0D0041940D /* Splashscreen */,
			);
			path = Module;
			sourceTree = "<group>";
		};
		ABE3F9D026D7600E0041940D /* Services */ = {
			isa = PBXGroup;
			children = (
				AB856EF426D80B31005875A8 /* NetworkManager.swift */,
			);
			path = Services;
			sourceTree = "<group>";
		};
		ABE3F9D126D7602B0041940D /* Extensions */ = {
			isa = PBXGroup;
			children = (
				ABE3F9D226D760670041940D /* UIViewController+Extensions.swift */,
				ABE3F9D726D7BCDE0041940D /* Bundle+Extensions.swift */,
				AB856EEF26D7CFB8005875A8 /* ViewCell+Extensions.swift */,
			);
			path = Extensions;
			sourceTree = "<group>";
		};
		ABE3F9D426D7BB0D0041940D /* Splashscreen */ = {
			isa = PBXGroup;
			children = (
				ABE3F9D526D7BB2F0041940D /* SplashcreenViewController.swift */,
			);
			path = Splashscreen;
			sourceTree = "<group>";
		};
		ABE3F9D926D7C4580041940D /* Storyboard */ = {
			isa = PBXGroup;
			children = (
				ABE3F9A226D74F5E0041940D /* Main.storyboard */,
				AB856EE226D7C8DF005875A8 /* Post.storyboard */,
			);
			path = Storyboard;
			sourceTree = "<group>";
		};
/* End PBXGroup section */

/* Begin PBXNativeTarget section */
		ABE3F99826D74F5E0041940D /* BandungTimes */ = {
			isa = PBXNativeTarget;
			buildConfigurationList = ABE3F9C326D74F630041940D /* Build configuration list for PBXNativeTarget "BandungTimes" */;
			buildPhases = (
				DF8C9E84326C4025F75A6134 /* [CP] Check Pods Manifest.lock */,
				ABE3F99526D74F5E0041940D /* Sources */,
				ABE3F99626D74F5E0041940D /* Frameworks */,
				ABE3F99726D74F5E0041940D /* Resources */,
				5C1FC5023AE6C117121A9CB2 /* [CP] Embed Pods Frameworks */,
			);
			buildRules = (
			);
			dependencies = (
			);
			name = BandungTimes;
			productName = BandungTimes;
			productReference = ABE3F99926D74F5E0041940D /* BandungTimes.app */;
			productType = "com.apple.product-type.application";
		};
		ABE3F9AE26D74F630041940D /* BandungTimesTests */ = {
			isa = PBXNativeTarget;
			buildConfigurationList = ABE3F9C626D74F630041940D /* Build configuration list for PBXNativeTarget "BandungTimesTests" */;
			buildPhases = (
				EEDE06D7DBD4BAE81AC01580 /* [CP] Check Pods Manifest.lock */,
				ABE3F9AB26D74F630041940D /* Sources */,
				ABE3F9AC26D74F630041940D /* Frameworks */,
				ABE3F9AD26D74F630041940D /* Resources */,
			);
			buildRules = (
			);
			dependencies = (
				ABE3F9B126D74F630041940D /* PBXTargetDependency */,
			);
			name = BandungTimesTests;
			productName = BandungTimesTests;
			productReference = ABE3F9AF26D74F630041940D /* BandungTimesTests.xctest */;
			productType = "com.apple.product-type.bundle.unit-test";
		};
		ABE3F9B926D74F630041940D /* BandungTimesUITests */ = {
			isa = PBXNativeTarget;
			buildConfigurationList = ABE3F9C926D74F630041940D /* Build configuration list for PBXNativeTarget "BandungTimesUITests" */;
			buildPhases = (
				E991862BAF6D09B2334A7F8E /* [CP] Check Pods Manifest.lock */,
				ABE3F9B626D74F630041940D /* Sources */,
				ABE3F9B726D74F630041940D /* Frameworks */,
				ABE3F9B826D74F630041940D /* Resources */,
				F74B27A5DE13B69B484C1F69 /* [CP] Embed Pods Frameworks */,
			);
			buildRules = (
			);
			dependencies = (
				ABE3F9BC26D74F630041940D /* PBXTargetDependency */,
			);
			name = BandungTimesUITests;
			productName = BandungTimesUITests;
			productReference = ABE3F9BA26D74F630041940D /* BandungTimesUITests.xctest */;
			productType = "com.apple.product-type.bundle.ui-testing";
		};
/* End PBXNativeTarget section */

/* Begin PBXProject section */
		ABE3F99126D74F5E0041940D /* Project object */ = {
			isa = PBXProject;
			attributes = {
				LastSwiftUpdateCheck = 1200;
				LastUpgradeCheck = 1200;
				TargetAttributes = {
					ABE3F99826D74F5E0041940D = {
						CreatedOnToolsVersion = 12.0;
					};
					ABE3F9AE26D74F630041940D = {
						CreatedOnToolsVersion = 12.0;
						TestTargetID = ABE3F99826D74F5E0041940D;
					};
					ABE3F9B926D74F630041940D = {
						CreatedOnToolsVersion = 12.0;
						TestTargetID = ABE3F99826D74F5E0041940D;
					};
				};
			};
			buildConfigurationList = ABE3F99426D74F5E0041940D /* Build configuration list for PBXProject "BandungTimes" */;
			compatibilityVersion = "Xcode 9.3";
			developmentRegion = en;
			hasScannedForEncodings = 0;
			knownRegions = (
				en,
				Base,
			);
			mainGroup = ABE3F99026D74F5E0041940D;
			productRefGroup = ABE3F99A26D74F5E0041940D /* Products */;
			projectDirPath = "";
			projectRoot = "";
			targets = (
				ABE3F99826D74F5E0041940D /* BandungTimes */,
				ABE3F9AE26D74F630041940D /* BandungTimesTests */,
				ABE3F9B926D74F630041940D /* BandungTimesUITests */,
			);
		};
/* End PBXProject section */

/* Begin PBXResourcesBuildPhase section */
		ABE3F99726D74F5E0041940D /* Resources */ = {
			isa = PBXResourcesBuildPhase;
			buildActionMask = 2147483647;
			files = (
				AB856EE926D7CA35005875A8 /* PostListViewCell.xib in Resources */,
				AB856EE326D7C8DF005875A8 /* Post.storyboard in Resources */,
				AB856F1826DA2E8D005875A8 /* CommentViewCell.xib in Resources */,
				AB856F2126DA8C6F005875A8 /* PostDetailViewCell.xib in Resources */,
				ABE3F9A926D74F620041940D /* LaunchScreen.storyboard in Resources */,
				ABE3F9A626D74F620041940D /* Assets.xcassets in Resources */,
				ABE3F9A426D74F5E0041940D /* Main.storyboard in Resources */,
				AB856F2626DA8F28005875A8 /* PostDetailHeader.xib in Resources */,
			);
			runOnlyForDeploymentPostprocessing = 0;
		};
		ABE3F9AD26D74F630041940D /* Resources */ = {
			isa = PBXResourcesBuildPhase;
			buildActionMask = 2147483647;
			files = (
			);
			runOnlyForDeploymentPostprocessing = 0;
		};
		ABE3F9B826D74F630041940D /* Resources */ = {
			isa = PBXResourcesBuildPhase;
			buildActionMask = 2147483647;
			files = (
			);
			runOnlyForDeploymentPostprocessing = 0;
		};
/* End PBXResourcesBuildPhase section */

/* Begin PBXShellScriptBuildPhase section */
		5C1FC5023AE6C117121A9CB2 /* [CP] Embed Pods Frameworks */ = {
			isa = PBXShellScriptBuildPhase;
			buildActionMask = 2147483647;
			files = (
			);
			inputFileListPaths = (
				"${PODS_ROOT}/Target Support Files/Pods-BandungTimes/Pods-BandungTimes-frameworks-${CONFIGURATION}-input-files.xcfilelist",
			);
			name = "[CP] Embed Pods Frameworks";
			outputFileListPaths = (
				"${PODS_ROOT}/Target Support Files/Pods-BandungTimes/Pods-BandungTimes-frameworks-${CONFIGURATION}-output-files.xcfilelist",
			);
			runOnlyForDeploymentPostprocessing = 0;
			shellPath = /bin/sh;
			shellScript = "\"${PODS_ROOT}/Target Support Files/Pods-BandungTimes/Pods-BandungTimes-frameworks.sh\"\n";
			showEnvVarsInLog = 0;
		};
		DF8C9E84326C4025F75A6134 /* [CP] Check Pods Manifest.lock */ = {
			isa = PBXShellScriptBuildPhase;
			buildActionMask = 2147483647;
			files = (
			);
			inputFileListPaths = (
			);
			inputPaths = (
				"${PODS_PODFILE_DIR_PATH}/Podfile.lock",
				"${PODS_ROOT}/Manifest.lock",
			);
			name = "[CP] Check Pods Manifest.lock";
			outputFileListPaths = (
			);
			outputPaths = (
				"$(DERIVED_FILE_DIR)/Pods-BandungTimes-checkManifestLockResult.txt",
			);
			runOnlyForDeploymentPostprocessing = 0;
			shellPath = /bin/sh;
			shellScript = "diff \"${PODS_PODFILE_DIR_PATH}/Podfile.lock\" \"${PODS_ROOT}/Manifest.lock\" > /dev/null\nif [ $? != 0 ] ; then\n    # print error to STDERR\n    echo \"error: The sandbox is not in sync with the Podfile.lock. Run 'pod install' or update your CocoaPods installation.\" >&2\n    exit 1\nfi\n# This output is used by Xcode 'outputs' to avoid re-running this script phase.\necho \"SUCCESS\" > \"${SCRIPT_OUTPUT_FILE_0}\"\n";
			showEnvVarsInLog = 0;
		};
		E991862BAF6D09B2334A7F8E /* [CP] Check Pods Manifest.lock */ = {
			isa = PBXShellScriptBuildPhase;
			buildActionMask = 2147483647;
			files = (
			);
			inputFileListPaths = (
			);
			inputPaths = (
				"${PODS_PODFILE_DIR_PATH}/Podfile.lock",
				"${PODS_ROOT}/Manifest.lock",
			);
			name = "[CP] Check Pods Manifest.lock";
			outputFileListPaths = (
			);
			outputPaths = (
				"$(DERIVED_FILE_DIR)/Pods-BandungTimes-BandungTimesUITests-checkManifestLockResult.txt",
			);
			runOnlyForDeploymentPostprocessing = 0;
			shellPath = /bin/sh;
			shellScript = "diff \"${PODS_PODFILE_DIR_PATH}/Podfile.lock\" \"${PODS_ROOT}/Manifest.lock\" > /dev/null\nif [ $? != 0 ] ; then\n    # print error to STDERR\n    echo \"error: The sandbox is not in sync with the Podfile.lock. Run 'pod install' or update your CocoaPods installation.\" >&2\n    exit 1\nfi\n# This output is used by Xcode 'outputs' to avoid re-running this script phase.\necho \"SUCCESS\" > \"${SCRIPT_OUTPUT_FILE_0}\"\n";
			showEnvVarsInLog = 0;
		};
		EEDE06D7DBD4BAE81AC01580 /* [CP] Check Pods Manifest.lock */ = {
			isa = PBXShellScriptBuildPhase;
			buildActionMask = 2147483647;
			files = (
			);
			inputFileListPaths = (
			);
			inputPaths = (
				"${PODS_PODFILE_DIR_PATH}/Podfile.lock",
				"${PODS_ROOT}/Manifest.lock",
			);
			name = "[CP] Check Pods Manifest.lock";
			outputFileListPaths = (
			);
			outputPaths = (
				"$(DERIVED_FILE_DIR)/Pods-BandungTimesTests-checkManifestLockResult.txt",
			);
			runOnlyForDeploymentPostprocessing = 0;
			shellPath = /bin/sh;
			shellScript = "diff \"${PODS_PODFILE_DIR_PATH}/Podfile.lock\" \"${PODS_ROOT}/Manifest.lock\" > /dev/null\nif [ $? != 0 ] ; then\n    # print error to STDERR\n    echo \"error: The sandbox is not in sync with the Podfile.lock. Run 'pod install' or update your CocoaPods installation.\" >&2\n    exit 1\nfi\n# This output is used by Xcode 'outputs' to avoid re-running this script phase.\necho \"SUCCESS\" > \"${SCRIPT_OUTPUT_FILE_0}\"\n";
			showEnvVarsInLog = 0;
		};
		F74B27A5DE13B69B484C1F69 /* [CP] Embed Pods Frameworks */ = {
			isa = PBXShellScriptBuildPhase;
			buildActionMask = 2147483647;
			files = (
			);
			inputFileListPaths = (
				"${PODS_ROOT}/Target Support Files/Pods-BandungTimes-BandungTimesUITests/Pods-BandungTimes-BandungTimesUITests-frameworks-${CONFIGURATION}-input-files.xcfilelist",
			);
			name = "[CP] Embed Pods Frameworks";
			outputFileListPaths = (
				"${PODS_ROOT}/Target Support Files/Pods-BandungTimes-BandungTimesUITests/Pods-BandungTimes-BandungTimesUITests-frameworks-${CONFIGURATION}-output-files.xcfilelist",
			);
			runOnlyForDeploymentPostprocessing = 0;
			shellPath = /bin/sh;
			shellScript = "\"${PODS_ROOT}/Target Support Files/Pods-BandungTimes-BandungTimesUITests/Pods-BandungTimes-BandungTimesUITests-frameworks.sh\"\n";
			showEnvVarsInLog = 0;
		};
/* End PBXShellScriptBuildPhase section */

/* Begin PBXSourcesBuildPhase section */
		ABE3F99526D74F5E0041940D /* Sources */ = {
			isa = PBXSourcesBuildPhase;
			buildActionMask = 2147483647;
			files = (
				AB856F2026DA8C6F005875A8 /* PostDetailViewCell.swift in Sources */,
				AB856F0526D81BBB005875A8 /* PostDetailViewModel.swift in Sources */,
				AB856F1126D9160D005875A8 /* UserViewModel.swift in Sources */,
				AB856EF526D80B31005875A8 /* NetworkManager.swift in Sources */,
				AB856F0226D81B4A005875A8 /* PostDetailViewController.swift in Sources */,
				ABE3F9D326D760670041940D /* UIViewController+Extensions.swift in Sources */,
				AB856F1726DA2E8D005875A8 /* CommentViewCell.swift in Sources */,
				AB856EF326D7D2CE005875A8 /* Storyboard.swift in Sources */,
				ABE3F9A126D74F5E0041940D /* ViewController.swift in Sources */,
				AB856EEE26D7CAF0005875A8 /* PostListViewModel.swift in Sources */,
				ABE3F99D26D74F5E0041940D /* AppDelegate.swift in Sources */,
				AB856EFE26D81B11005875A8 /* UserApi.swift in Sources */,
				AB856EF026D7CFB8005875A8 /* ViewCell+Extensions.swift in Sources */,
				AB856F0D26D81D48005875A8 /* UserCompany.swift in Sources */,
				AB856EEC26D7CA70005875A8 /* Post.swift in Sources */,
				ABE3F9D826D7BCDE0041940D /* Bundle+Extensions.swift in Sources */,
				AB856F0F26D81D67005875A8 /* UserGeo.swift in Sources */,
				AB856EF726D80C03005875A8 /* Constant.swift in Sources */,
				AB856F2926DAA46E005875A8 /* CustomNavbar.swift in Sources */,
				AB856EFC26D80EDB005875A8 /* PostApi.swift in Sources */,
				AB856F0B26D81D1A005875A8 /* UserAddress.swift in Sources */,
				AB856F1B26DA7FCF005875A8 /* Comment.swift in Sources */,
				AB856F0926D81D05005875A8 /* User.swift in Sources */,
				AB856EE126D7C8B3005875A8 /* PostListViewController.swift in Sources */,
				AB856EE826D7CA35005875A8 /* PostListViewCell.swift in Sources */,
				ABE3F9D626D7BB2F0041940D /* SplashcreenViewController.swift in Sources */,
				AB856F2426DA8F1C005875A8 /* PostDetailHeader.swift in Sources */,
			);
			runOnlyForDeploymentPostprocessing = 0;
		};
		ABE3F9AB26D74F630041940D /* Sources */ = {
			isa = PBXSourcesBuildPhase;
			buildActionMask = 2147483647;
			files = (
				ABE3F9B426D74F630041940D /* BandungTimesTests.swift in Sources */,
			);
			runOnlyForDeploymentPostprocessing = 0;
		};
		ABE3F9B626D74F630041940D /* Sources */ = {
			isa = PBXSourcesBuildPhase;
			buildActionMask = 2147483647;
			files = (
				ABE3F9BF26D74F630041940D /* BandungTimesUITests.swift in Sources */,
			);
			runOnlyForDeploymentPostprocessing = 0;
		};
/* End PBXSourcesBuildPhase section */

/* Begin PBXTargetDependency section */
		ABE3F9B126D74F630041940D /* PBXTargetDependency */ = {
			isa = PBXTargetDependency;
			target = ABE3F99826D74F5E0041940D /* BandungTimes */;
			targetProxy = ABE3F9B026D74F630041940D /* PBXContainerItemProxy */;
		};
		ABE3F9BC26D74F630041940D /* PBXTargetDependency */ = {
			isa = PBXTargetDependency;
			target = ABE3F99826D74F5E0041940D /* BandungTimes */;
			targetProxy = ABE3F9BB26D74F630041940D /* PBXContainerItemProxy */;
		};
/* End PBXTargetDependency section */

/* Begin PBXVariantGroup section */
		ABE3F9A226D74F5E0041940D /* Main.storyboard */ = {
			isa = PBXVariantGroup;
			children = (
				ABE3F9A326D74F5E0041940D /* Base */,
			);
			name = Main.storyboard;
			sourceTree = "<group>";
		};
		ABE3F9A726D74F620041940D /* LaunchScreen.storyboard */ = {
			isa = PBXVariantGroup;
			children = (
				ABE3F9A826D74F620041940D /* Base */,
			);
			name = LaunchScreen.storyboard;
			sourceTree = "<group>";
		};
/* End PBXVariantGroup section */

/* Begin XCBuildConfiguration section */
		ABE3F9C126D74F630041940D /* Debug */ = {
			isa = XCBuildConfiguration;
			buildSettings = {
				ALWAYS_SEARCH_USER_PATHS = NO;
				CLANG_ANALYZER_NONNULL = YES;
				CLANG_ANALYZER_NUMBER_OBJECT_CONVERSION = YES_AGGRESSIVE;
				CLANG_CXX_LANGUAGE_STANDARD = "gnu++14";
				CLANG_CXX_LIBRARY = "libc++";
				CLANG_ENABLE_MODULES = YES;
				CLANG_ENABLE_OBJC_ARC = YES;
				CLANG_ENABLE_OBJC_WEAK = YES;
				CLANG_WARN_BLOCK_CAPTURE_AUTORELEASING = YES;
				CLANG_WARN_BOOL_CONVERSION = YES;
				CLANG_WARN_COMMA = YES;
				CLANG_WARN_CONSTANT_CONVERSION = YES;
				CLANG_WARN_DEPRECATED_OBJC_IMPLEMENTATIONS = YES;
				CLANG_WARN_DIRECT_OBJC_ISA_USAGE = YES_ERROR;
				CLANG_WARN_DOCUMENTATION_COMMENTS = YES;
				CLANG_WARN_EMPTY_BODY = YES;
				CLANG_WARN_ENUM_CONVERSION = YES;
				CLANG_WARN_INFINITE_RECURSION = YES;
				CLANG_WARN_INT_CONVERSION = YES;
				CLANG_WARN_NON_LITERAL_NULL_CONVERSION = YES;
				CLANG_WARN_OBJC_IMPLICIT_RETAIN_SELF = YES;
				CLANG_WARN_OBJC_LITERAL_CONVERSION = YES;
				CLANG_WARN_OBJC_ROOT_CLASS = YES_ERROR;
				CLANG_WARN_QUOTED_INCLUDE_IN_FRAMEWORK_HEADER = YES;
				CLANG_WARN_RANGE_LOOP_ANALYSIS = YES;
				CLANG_WARN_STRICT_PROTOTYPES = YES;
				CLANG_WARN_SUSPICIOUS_MOVE = YES;
				CLANG_WARN_UNGUARDED_AVAILABILITY = YES_AGGRESSIVE;
				CLANG_WARN_UNREACHABLE_CODE = YES;
				CLANG_WARN__DUPLICATE_METHOD_MATCH = YES;
				COPY_PHASE_STRIP = NO;
				DEBUG_INFORMATION_FORMAT = dwarf;
				ENABLE_STRICT_OBJC_MSGSEND = YES;
				ENABLE_TESTABILITY = YES;
				GCC_C_LANGUAGE_STANDARD = gnu11;
				GCC_DYNAMIC_NO_PIC = NO;
				GCC_NO_COMMON_BLOCKS = YES;
				GCC_OPTIMIZATION_LEVEL = 0;
				GCC_PREPROCESSOR_DEFINITIONS = (
					"DEBUG=1",
					"$(inherited)",
				);
				GCC_WARN_64_TO_32_BIT_CONVERSION = YES;
				GCC_WARN_ABOUT_RETURN_TYPE = YES_ERROR;
				GCC_WARN_UNDECLARED_SELECTOR = YES;
				GCC_WARN_UNINITIALIZED_AUTOS = YES_AGGRESSIVE;
				GCC_WARN_UNUSED_FUNCTION = YES;
				GCC_WARN_UNUSED_VARIABLE = YES;
				IPHONEOS_DEPLOYMENT_TARGET = 10.3;
				MTL_ENABLE_DEBUG_INFO = INCLUDE_SOURCE;
				MTL_FAST_MATH = YES;
				ONLY_ACTIVE_ARCH = YES;
				SDKROOT = iphoneos;
				SWIFT_ACTIVE_COMPILATION_CONDITIONS = DEBUG;
				SWIFT_OPTIMIZATION_LEVEL = "-Onone";
			};
			name = Debug;
		};
		ABE3F9C226D74F630041940D /* Release */ = {
			isa = XCBuildConfiguration;
			buildSettings = {
				ALWAYS_SEARCH_USER_PATHS = NO;
				CLANG_ANALYZER_NONNULL = YES;
				CLANG_ANALYZER_NUMBER_OBJECT_CONVERSION = YES_AGGRESSIVE;
				CLANG_CXX_LANGUAGE_STANDARD = "gnu++14";
				CLANG_CXX_LIBRARY = "libc++";
				CLANG_ENABLE_MODULES = YES;
				CLANG_ENABLE_OBJC_ARC = YES;
				CLANG_ENABLE_OBJC_WEAK = YES;
				CLANG_WARN_BLOCK_CAPTURE_AUTORELEASING = YES;
				CLANG_WARN_BOOL_CONVERSION = YES;
				CLANG_WARN_COMMA = YES;
				CLANG_WARN_CONSTANT_CONVERSION = YES;
				CLANG_WARN_DEPRECATED_OBJC_IMPLEMENTATIONS = YES;
				CLANG_WARN_DIRECT_OBJC_ISA_USAGE = YES_ERROR;
				CLANG_WARN_DOCUMENTATION_COMMENTS = YES;
				CLANG_WARN_EMPTY_BODY = YES;
				CLANG_WARN_ENUM_CONVERSION = YES;
				CLANG_WARN_INFINITE_RECURSION = YES;
				CLANG_WARN_INT_CONVERSION = YES;
				CLANG_WARN_NON_LITERAL_NULL_CONVERSION = YES;
				CLANG_WARN_OBJC_IMPLICIT_RETAIN_SELF = YES;
				CLANG_WARN_OBJC_LITERAL_CONVERSION = YES;
				CLANG_WARN_OBJC_ROOT_CLASS = YES_ERROR;
				CLANG_WARN_QUOTED_INCLUDE_IN_FRAMEWORK_HEADER = YES;
				CLANG_WARN_RANGE_LOOP_ANALYSIS = YES;
				CLANG_WARN_STRICT_PROTOTYPES = YES;
				CLANG_WARN_SUSPICIOUS_MOVE = YES;
				CLANG_WARN_UNGUARDED_AVAILABILITY = YES_AGGRESSIVE;
				CLANG_WARN_UNREACHABLE_CODE = YES;
				CLANG_WARN__DUPLICATE_METHOD_MATCH = YES;
				COPY_PHASE_STRIP = NO;
				DEBUG_INFORMATION_FORMAT = "dwarf-with-dsym";
				ENABLE_NS_ASSERTIONS = NO;
				ENABLE_STRICT_OBJC_MSGSEND = YES;
				GCC_C_LANGUAGE_STANDARD = gnu11;
				GCC_NO_COMMON_BLOCKS = YES;
				GCC_WARN_64_TO_32_BIT_CONVERSION = YES;
				GCC_WARN_ABOUT_RETURN_TYPE = YES_ERROR;
				GCC_WARN_UNDECLARED_SELECTOR = YES;
				GCC_WARN_UNINITIALIZED_AUTOS = YES_AGGRESSIVE;
				GCC_WARN_UNUSED_FUNCTION = YES;
				GCC_WARN_UNUSED_VARIABLE = YES;
				IPHONEOS_DEPLOYMENT_TARGET = 10.3;
				MTL_ENABLE_DEBUG_INFO = NO;
				MTL_FAST_MATH = YES;
				SDKROOT = iphoneos;
				SWIFT_COMPILATION_MODE = wholemodule;
				SWIFT_OPTIMIZATION_LEVEL = "-O";
				VALIDATE_PRODUCT = YES;
			};
			name = Release;
		};
		ABE3F9C426D74F630041940D /* Debug */ = {
			isa = XCBuildConfiguration;
			baseConfigurationReference = C41A2F0813FA86C2852A78A6 /* Pods-BandungTimes.debug.xcconfig */;
			buildSettings = {
				ASSETCATALOG_COMPILER_APPICON_NAME = AppIcon;
				ASSETCATALOG_COMPILER_GLOBAL_ACCENT_COLOR_NAME = AccentColor;
				CODE_SIGN_STYLE = Manual;
				DEVELOPMENT_TEAM = "";
				INFOPLIST_FILE = "$(SRCROOT)/BandungTimes/Supporting Files/Info.plist";
				LD_RUNPATH_SEARCH_PATHS = (
					"$(inherited)",
					"@executable_path/Frameworks",
				);
				PRODUCT_BUNDLE_IDENTIFIER = nabilla.id.BandungTimes;
				PRODUCT_NAME = "$(TARGET_NAME)";
				PROVISIONING_PROFILE_SPECIFIER = "";
				SWIFT_VERSION = 5.0;
				TARGETED_DEVICE_FAMILY = "1,2";
			};
			name = Debug;
		};
		ABE3F9C526D74F630041940D /* Release */ = {
			isa = XCBuildConfiguration;
			baseConfigurationReference = 9780772F064BA3162ED526AF /* Pods-BandungTimes.release.xcconfig */;
			buildSettings = {
				ASSETCATALOG_COMPILER_APPICON_NAME = AppIcon;
				ASSETCATALOG_COMPILER_GLOBAL_ACCENT_COLOR_NAME = AccentColor;
				CODE_SIGN_STYLE = Manual;
				DEVELOPMENT_TEAM = "";
				INFOPLIST_FILE = "$(SRCROOT)/BandungTimes/Supporting Files/Info.plist";
				LD_RUNPATH_SEARCH_PATHS = (
					"$(inherited)",
					"@executable_path/Frameworks",
				);
				PRODUCT_BUNDLE_IDENTIFIER = nabilla.id.BandungTimes;
				PRODUCT_NAME = "$(TARGET_NAME)";
				PROVISIONING_PROFILE_SPECIFIER = "";
				SWIFT_VERSION = 5.0;
				TARGETED_DEVICE_FAMILY = "1,2";
			};
			name = Release;
		};
		ABE3F9C726D74F630041940D /* Debug */ = {
			isa = XCBuildConfiguration;
			baseConfigurationReference = F414CBD0B36EDE731DFFE1FA /* Pods-BandungTimesTests.debug.xcconfig */;
			buildSettings = {
				ALWAYS_EMBED_SWIFT_STANDARD_LIBRARIES = YES;
				BUNDLE_LOADER = "$(TEST_HOST)";
				CODE_SIGN_STYLE = Automatic;
				INFOPLIST_FILE = BandungTimesTests/Info.plist;
				IPHONEOS_DEPLOYMENT_TARGET = 14.0;
				LD_RUNPATH_SEARCH_PATHS = (
					"$(inherited)",
					"@executable_path/Frameworks",
					"@loader_path/Frameworks",
				);
				PRODUCT_BUNDLE_IDENTIFIER = nabilla.id.BandungTimesTests;
				PRODUCT_NAME = "$(TARGET_NAME)";
				SWIFT_VERSION = 5.0;
				TARGETED_DEVICE_FAMILY = "1,2";
				TEST_HOST = "$(BUILT_PRODUCTS_DIR)/BandungTimes.app/BandungTimes";
			};
			name = Debug;
		};
		ABE3F9C826D74F630041940D /* Release */ = {
			isa = XCBuildConfiguration;
			baseConfigurationReference = 4220A1095C492733A157A8BD /* Pods-BandungTimesTests.release.xcconfig */;
			buildSettings = {
				ALWAYS_EMBED_SWIFT_STANDARD_LIBRARIES = YES;
				BUNDLE_LOADER = "$(TEST_HOST)";
				CODE_SIGN_STYLE = Automatic;
				INFOPLIST_FILE = BandungTimesTests/Info.plist;
				IPHONEOS_DEPLOYMENT_TARGET = 14.0;
				LD_RUNPATH_SEARCH_PATHS = (
					"$(inherited)",
					"@executable_path/Frameworks",
					"@loader_path/Frameworks",
				);
				PRODUCT_BUNDLE_IDENTIFIER = nabilla.id.BandungTimesTests;
				PRODUCT_NAME = "$(TARGET_NAME)";
				SWIFT_VERSION = 5.0;
				TARGETED_DEVICE_FAMILY = "1,2";
				TEST_HOST = "$(BUILT_PRODUCTS_DIR)/BandungTimes.app/BandungTimes";
			};
			name = Release;
		};
		ABE3F9CA26D74F630041940D /* Debug */ = {
			isa = XCBuildConfiguration;
			baseConfigurationReference = C395B6D896C199634CB3FF64 /* Pods-BandungTimes-BandungTimesUITests.debug.xcconfig */;
			buildSettings = {
				ALWAYS_EMBED_SWIFT_STANDARD_LIBRARIES = YES;
				CODE_SIGN_STYLE = Automatic;
				INFOPLIST_FILE = BandungTimesUITests/Info.plist;
				LD_RUNPATH_SEARCH_PATHS = (
					"$(inherited)",
					"@executable_path/Frameworks",
					"@loader_path/Frameworks",
				);
				PRODUCT_BUNDLE_IDENTIFIER = nabilla.id.BandungTimesUITests;
				PRODUCT_NAME = "$(TARGET_NAME)";
				SWIFT_VERSION = 5.0;
				TARGETED_DEVICE_FAMILY = "1,2";
				TEST_TARGET_NAME = BandungTimes;
			};
			name = Debug;
		};
		ABE3F9CB26D74F630041940D /* Release */ = {
			isa = XCBuildConfiguration;
			baseConfigurationReference = 1DC89EE93CB3334730819E7C /* Pods-BandungTimes-BandungTimesUITests.release.xcconfig */;
			buildSettings = {
				ALWAYS_EMBED_SWIFT_STANDARD_LIBRARIES = YES;
				CODE_SIGN_STYLE = Automatic;
				INFOPLIST_FILE = BandungTimesUITests/Info.plist;
				LD_RUNPATH_SEARCH_PATHS = (
					"$(inherited)",
					"@executable_path/Frameworks",
					"@loader_path/Frameworks",
				);
				PRODUCT_BUNDLE_IDENTIFIER = nabilla.id.BandungTimesUITests;
				PRODUCT_NAME = "$(TARGET_NAME)";
				SWIFT_VERSION = 5.0;
				TARGETED_DEVICE_FAMILY = "1,2";
				TEST_TARGET_NAME = BandungTimes;
			};
			name = Release;
		};
/* End XCBuildConfiguration section */

/* Begin XCConfigurationList section */
		ABE3F99426D74F5E0041940D /* Build configuration list for PBXProject "BandungTimes" */ = {
			isa = XCConfigurationList;
			buildConfigurations = (
				ABE3F9C126D74F630041940D /* Debug */,
				ABE3F9C226D74F630041940D /* Release */,
			);
			defaultConfigurationIsVisible = 0;
			defaultConfigurationName = Release;
		};
		ABE3F9C326D74F630041940D /* Build configuration list for PBXNativeTarget "BandungTimes" */ = {
			isa = XCConfigurationList;
			buildConfigurations = (
				ABE3F9C426D74F630041940D /* Debug */,
				ABE3F9C526D74F630041940D /* Release */,
			);
			defaultConfigurationIsVisible = 0;
			defaultConfigurationName = Release;
		};
		ABE3F9C626D74F630041940D /* Build configuration list for PBXNativeTarget "BandungTimesTests" */ = {
			isa = XCConfigurationList;
			buildConfigurations = (
				ABE3F9C726D74F630041940D /* Debug */,
				ABE3F9C826D74F630041940D /* Release */,
			);
			defaultConfigurationIsVisible = 0;
			defaultConfigurationName = Release;
		};
		ABE3F9C926D74F630041940D /* Build configuration list for PBXNativeTarget "BandungTimesUITests" */ = {
			isa = XCConfigurationList;
			buildConfigurations = (
				ABE3F9CA26D74F630041940D /* Debug */,
				ABE3F9CB26D74F630041940D /* Release */,
			);
			defaultConfigurationIsVisible = 0;
			defaultConfigurationName = Release;
		};
/* End XCConfigurationList section */
	};
	rootObject = ABE3F99126D74F5E0041940D /* Project object */;
}
